// !$*UTF8*$!
{
	archiveVersion = 1;
	classes = {
	};
	objectVersion = 46;
	objects = {

/* Begin PBXBuildFile section */
		7513DACA1CB9728A0005D576 /* AppDelegate.swift in Sources */ = {isa = PBXBuildFile; fileRef = 7513DAC91CB9728A0005D576 /* AppDelegate.swift */; };
		7513DACC1CB9728A0005D576 /* ViewController.swift in Sources */ = {isa = PBXBuildFile; fileRef = 7513DACB1CB9728A0005D576 /* ViewController.swift */; };
		7513DACF1CB9728A0005D576 /* Main.storyboard in Resources */ = {isa = PBXBuildFile; fileRef = 7513DACD1CB9728A0005D576 /* Main.storyboard */; };
		7513DAD11CB9728B0005D576 /* Assets.xcassets in Resources */ = {isa = PBXBuildFile; fileRef = 7513DAD01CB9728B0005D576 /* Assets.xcassets */; };
		7513DAD41CB9728B0005D576 /* LaunchScreen.storyboard in Resources */ = {isa = PBXBuildFile; fileRef = 7513DAD21CB9728B0005D576 /* LaunchScreen.storyboard */; };
		7513DADC1CB98C850005D576 /* pokemon.csv in Resources */ = {isa = PBXBuildFile; fileRef = 7513DADB1CB98C850005D576 /* pokemon.csv */; };
		75A120751CBC1BC5008BB505 /* Pokemon.swift in Sources */ = {isa = PBXBuildFile; fileRef = 75A120741CBC1BC5008BB505 /* Pokemon.swift */; };
/* End PBXBuildFile section */

/* Begin PBXFileReference section */
		7513DAC61CB9728A0005D576 /* pokedex.app */ = {isa = PBXFileReference; explicitFileType = wrapper.application; includeInIndex = 0; path = pokedex.app; sourceTree = BUILT_PRODUCTS_DIR; };
		7513DAC91CB9728A0005D576 /* AppDelegate.swift */ = {isa = PBXFileReference; lastKnownFileType = sourcecode.swift; path = AppDelegate.swift; sourceTree = "<group>"; };
		7513DACB1CB9728A0005D576 /* ViewController.swift */ = {isa = PBXFileReference; lastKnownFileType = sourcecode.swift; path = ViewController.swift; sourceTree = "<group>"; };
		7513DACE1CB9728A0005D576 /* Base */ = {isa = PBXFileReference; lastKnownFileType = file.storyboard; name = Base; path = Base.lproj/Main.storyboard; sourceTree = "<group>"; };
		7513DAD01CB9728B0005D576 /* Assets.xcassets */ = {isa = PBXFileReference; lastKnownFileType = folder.assetcatalog; path = Assets.xcassets; sourceTree = "<group>"; };
		7513DAD31CB9728B0005D576 /* Base */ = {isa = PBXFileReference; lastKnownFileType = file.storyboard; name = Base; path = Base.lproj/LaunchScreen.storyboard; sourceTree = "<group>"; };
		7513DAD51CB9728B0005D576 /* Info.plist */ = {isa = PBXFileReference; lastKnownFileType = text.plist.xml; path = Info.plist; sourceTree = "<group>"; };
		7513DADB1CB98C850005D576 /* pokemon.csv */ = {isa = PBXFileReference; fileEncoding = 4; lastKnownFileType = text; name = pokemon.csv; path = ../pokemon.csv; sourceTree = "<group>"; };
		75A120741CBC1BC5008BB505 /* Pokemon.swift */ = {isa = PBXFileReference; fileEncoding = 4; lastKnownFileType = sourcecode.swift; path = Pokemon.swift; sourceTree = "<group>"; };
/* End PBXFileReference section */

/* Begin PBXFrameworksBuildPhase section */
		7513DAC31CB9728A0005D576 /* Frameworks */ = {
			isa = PBXFrameworksBuildPhase;
			buildActionMask = 2147483647;
			files = (
			);
			runOnlyForDeploymentPostprocessing = 0;
		};
/* End PBXFrameworksBuildPhase section */

/* Begin PBXGroup section */
		7513DABD1CB9728A0005D576 = {
			isa = PBXGroup;
			children = (
				7513DAC81CB9728A0005D576 /* pokedex */,
				7513DAC71CB9728A0005D576 /* Products */,
			);
			sourceTree = "<group>";
		};
		7513DAC71CB9728A0005D576 /* Products */ = {
			isa = PBXGroup;
			children = (
				7513DAC61CB9728A0005D576 /* pokedex.app */,
			);
			name = Products;
			sourceTree = "<group>";
		};
		7513DAC81CB9728A0005D576 /* pokedex */ = {
			isa = PBXGroup;
			children = (
				75A120731CBC1BB2008BB505 /* Model */,
				7513DADB1CB98C850005D576 /* pokemon.csv */,
				7513DAC91CB9728A0005D576 /* AppDelegate.swift */,
				7513DACB1CB9728A0005D576 /* ViewController.swift */,
				7513DACD1CB9728A0005D576 /* Main.storyboard */,
				7513DAD01CB9728B0005D576 /* Assets.xcassets */,
				7513DAD21CB9728B0005D576 /* LaunchScreen.storyboard */,
				7513DAD51CB9728B0005D576 /* Info.plist */,
			);
			path = pokedex;
			sourceTree = "<group>";
		};
		75A120731CBC1BB2008BB505 /* Model */ = {
			isa = PBXGroup;
			children = (
				75A120741CBC1BC5008BB505 /* Pokemon.swift */,
			);
			name = Model;
			sourceTree = "<group>";
		};
/* End PBXGroup section */

/* Begin PBXNativeTarget section */
		7513DAC51CB9728A0005D576 /* pokedex */ = {
			isa = PBXNativeTarget;
			buildConfigurationList = 7513DAD81CB9728B0005D576 /* Build configuration list for PBXNativeTarget "pokedex" */;
			buildPhases = (
				7513DAC21CB9728A0005D576 /* Sources */,
				7513DAC31CB9728A0005D576 /* Frameworks */,
				7513DAC41CB9728A0005D576 /* Resources */,
			);
			buildRules = (
			);
			dependencies = (
			);
			name = pokedex;
			productName = pokedex;
			productReference = 7513DAC61CB9728A0005D576 /* pokedex.app */;
			productType = "com.apple.product-type.application";
		};
/* End PBXNativeTarget section */

/* Begin PBXProject section */
		7513DABE1CB9728A0005D576 /* Project object */ = {
			isa = PBXProject;
			attributes = {
				LastSwiftUpdateCheck = 0730;
				LastUpgradeCheck = 0730;
				ORGANIZATIONNAME = BigFiski;
				TargetAttributes = {
					7513DAC51CB9728A0005D576 = {
						CreatedOnToolsVersion = 7.3;
					};
				};
			};
			buildConfigurationList = 7513DAC11CB9728A0005D576 /* Build configuration list for PBXProject "pokedex" */;
			compatibilityVersion = "Xcode 3.2";
			developmentRegion = English;
			hasScannedForEncodings = 0;
			knownRegions = (
				en,
				Base,
			);
			mainGroup = 7513DABD1CB9728A0005D576;
			productRefGroup = 7513DAC71CB9728A0005D576 /* Products */;
			projectDirPath = "";
			projectRoot = "";
			targets = (
				7513DAC51CB9728A0005D576 /* pokedex */,
			);
		};
/* End PBXProject section */

/* Begin PBXResourcesBuildPhase section */
		7513DAC41CB9728A0005D576 /* Resources */ = {
			isa = PBXResourcesBuildPhase;
			buildActionMask = 2147483647;
			files = (
				7513DAD41CB9728B0005D576 /* LaunchScreen.storyboard in Resources */,
				7513DAD11CB9728B0005D576 /* Assets.xcassets in Resources */,
				7513DADC1CB98C850005D576 /* pokemon.csv in Resources */,
				7513DACF1CB9728A0005D576 /* Main.storyboard in Resources */,
			);
			runOnlyForDeploymentPostprocessing = 0;
		};
/* End PBXResourcesBuildPhase section */

/* Begin PBXSourcesBuildPhase section */
		7513DAC21CB9728A0005D576 /* Sources */ = {
			isa = PBXSourcesBuildPhase;
			buildActionMask = 2147483647;
			files = (
				7513DACC1CB9728A0005D576 /* ViewController.swift in Sources */,
				7513DACA1CB9728A0005D576 /* AppDelegate.swift in Sources */,
				75A120751CBC1BC5008BB505 /* Pokemon.swift in Sources */,
			);
			runOnlyForDeploymentPostprocessing = 0;
		};
/* End PBXSourcesBuildPhase section */

/* Begin PBXVariantGroup section */
		7513DACD1CB9728A0005D576 /* Main.storyboard */ = {
			isa = PBXVariantGroup;
			children = (
				7513DACE1CB9728A0005D576 /* Base */,
			);
			name = Main.storyboard;
			sourceTree = "<group>";
		};
		7513DAD21CB9728B0005D576 /* LaunchScreen.storyboard */ = {
			isa = PBXVariantGroup;
			children = (
				7513DAD31CB9728B0005D576 /* Base */,
			);
			name = LaunchScreen.storyboard;
			sourceTree = "<group>";
		};
/* End PBXVariantGroup section */

/* Begin XCBuildConfiguration section */
		7513DAD61CB9728B0005D576 /* Debug */ = {
			isa = XCBuildConfiguration;
			buildSettings = {
				ALWAYS_SEARCH_USER_PATHS = NO;
				CLANG_ANALYZER_NONNULL = YES;
				CLANG_CXX_LANGUAGE_STANDARD = "gnu++0x";
				CLANG_CXX_LIBRARY = "libc++";
				CLANG_ENABLE_MODULES = YES;
				CLANG_ENABLE_OBJC_ARC = YES;
				CLANG_WARN_BOOL_CONVERSION = YES;
				CLANG_WARN_CONSTANT_CONVERSION = YES;
				CLANG_WARN_DIRECT_OBJC_ISA_USAGE = YES_ERROR;
				CLANG_WARN_EMPTY_BODY = YES;
				CLANG_WARN_ENUM_CONVERSION = YES;
				CLANG_WARN_INT_CONVERSION = YES;
				CLANG_WARN_OBJC_ROOT_CLASS = YES_ERROR;
				CLANG_WARN_UNREACHABLE_CODE = YES;
				CLANG_WARN__DUPLICATE_METHOD_MATCH = YES;
				"CODE_SIGN_IDENTITY[sdk=iphoneos*]" = "iPhone Developer";
				COPY_PHASE_STRIP = NO;
				DEBUG_INFORMATION_FORMAT = dwarf;
				ENABLE_STRICT_OBJC_MSGSEND = YES;
				ENABLE_TESTABILITY = YES;
				GCC_C_LANGUAGE_STANDARD = gnu99;
				GCC_DYNAMIC_NO_PIC = NO;
				GCC_NO_COMMON_BLOCKS = YES;
				GCC_OPTIMIZATION_LEVEL = 0;
				GCC_PREPROCESSOR_DEFINITIONS = (
					"DEBUG=1",
					"$(inherited)",
				);
				GCC_WARN_64_TO_32_BIT_CONVERSION = YES;
				GCC_WARN_ABOUT_RETURN_TYPE = YES_ERROR;
				GCC_WARN_UNDECLARED_SELECTOR = YES;
				GCC_WARN_UNINITIALIZED_AUTOS = YES_AGGRESSIVE;
				GCC_WARN_UNUSED_FUNCTION = YES;
				GCC_WARN_UNUSED_VARIABLE = YES;
				IPHONEOS_DEPLOYMENT_TARGET = 9.3;
				MTL_ENABLE_DEBUG_INFO = YES;
				ONLY_ACTIVE_ARCH = YES;
				SDKROOT = iphoneos;
				SWIFT_OPTIMIZATION_LEVEL = "-Onone";
				TARGETED_DEVICE_FAMILY = "1,2";
			};
			name = Debug;
		};
		7513DAD71CB9728B0005D576 /* Release */ = {
			isa = XCBuildConfiguration;
			buildSettings = {
				ALWAYS_SEARCH_USER_PATHS = NO;
				CLANG_ANALYZER_NONNULL = YES;
				CLANG_CXX_LANGUAGE_STANDARD = "gnu++0x";
				CLANG_CXX_LIBRARY = "libc++";
				CLANG_ENABLE_MODULES = YES;
				CLANG_ENABLE_OBJC_ARC = YES;
				CLANG_WARN_BOOL_CONVERSION = YES;
				CLANG_WARN_CONSTANT_CONVERSION = YES;
				CLANG_WARN_DIRECT_OBJC_ISA_USAGE = YES_ERROR;
				CLANG_WARN_EMPTY_BODY = YES;
				CLANG_WARN_ENUM_CONVERSION = YES;
				CLANG_WARN_INT_CONVERSION = YES;
				CLANG_WARN_OBJC_ROOT_CLASS = YES_ERROR;
				CLANG_WARN_UNREACHABLE_CODE = YES;
				CLANG_WARN__DUPLICATE_METHOD_MATCH = YES;
				"CODE_SIGN_IDENTITY[sdk=iphoneos*]" = "iPhone Developer";
				COPY_PHASE_STRIP = NO;
				DEBUG_INFORMATION_FORMAT = "dwarf-with-dsym";
				ENABLE_NS_ASSERTIONS = NO;
				ENABLE_STRICT_OBJC_MSGSEND = YES;
				GCC_C_LANGUAGE_STANDARD = gnu99;
				GCC_NO_COMMON_BLOCKS = YES;
				GCC_WARN_64_TO_32_BIT_CONVERSION = YES;
				GCC_WARN_ABOUT_RETURN_TYPE = YES_ERROR;
				GCC_WARN_UNDECLARED_SELECTOR = YES;
				GCC_WARN_UNINITIALIZED_AUTOS = YES_AGGRESSIVE;
				GCC_WARN_UNUSED_FUNCTION = YES;
				GCC_WARN_UNUSED_VARIABLE = YES;
				IPHONEOS_DEPLOYMENT_TARGET = 9.3;
				MTL_ENABLE_DEBUG_INFO = NO;
				SDKROOT = iphoneos;
				TARGETED_DEVICE_FAMILY = "1,2";
				VALIDATE_PRODUCT = YES;
			};
			name = Release;
		};
		7513DAD91CB9728B0005D576 /* Debug */ = {
			isa = XCBuildConfiguration;
			buildSettings = {
				ASSETCATALOG_COMPILER_APPICON_NAME = AppIcon;
				INFOPLIST_FILE = pokedex/Info.plist;
				LD_RUNPATH_SEARCH_PATHS = "$(inherited) @executable_path/Frameworks";
				PRODUCT_BUNDLE_IDENTIFIER = com.bigfiski.pokedex;
				PRODUCT_NAME = "$(TARGET_NAME)";
			};
			name = Debug;
		};
		7513DADA1CB9728B0005D576 /* Release */ = {
			isa = XCBuildConfiguration;
			buildSettings = {
				ASSETCATALOG_COMPILER_APPICON_NAME = AppIcon;
				INFOPLIST_FILE = pokedex/Info.plist;
				LD_RUNPATH_SEARCH_PATHS = "$(inherited) @executable_path/Frameworks";
				PRODUCT_BUNDLE_IDENTIFIER = com.bigfiski.pokedex;
				PRODUCT_NAME = "$(TARGET_NAME)";
			};
			name = Release;
		};
/* End XCBuildConfiguration section */

/* Begin XCConfigurationList section */
		7513DAC11CB9728A0005D576 /* Build configuration list for PBXProject "pokedex" */ = {
			isa = XCConfigurationList;
			buildConfigurations = (
				7513DAD61CB9728B0005D576 /* Debug */,
				7513DAD71CB9728B0005D576 /* Release */,
			);
			defaultConfigurationIsVisible = 0;
			defaultConfigurationName = Release;
		};
		7513DAD81CB9728B0005D576 /* Build configuration list for PBXNativeTarget "pokedex" */ = {
			isa = XCConfigurationList;
			buildConfigurations = (
				7513DAD91CB9728B0005D576 /* Debug */,
				7513DADA1CB9728B0005D576 /* Release */,
			);
			defaultConfigurationIsVisible = 0;
			defaultConfigurationName = Release;
		};
/* End XCConfigurationList section */
	};
	rootObject = 7513DABE1CB9728A0005D576 /* Project object */;
}
